
Microsoft Visual Studio Solution File, Format Version 12.00
# Visual Studio Version 17
VisualStudioVersion = 17.5.33530.505
MinimumVisualStudioVersion = 10.0.40219.1
Project("{FAE04EC0-301F-11D3-BF4B-00C04F79EFBC}") = "BlocknotWithDB", "BlocknotWithDB\BlocknotWithDB.csproj", "{BCC998F3-0C21-4DDC-87D6-75CB0ACE8A29}"
EndProject
Project("{FAE04EC0-301F-11D3-BF4B-00C04F79EFBC}") = "BlocknotWithRepo.Data", "BlocknotWithRepo.Data\BlocknotWithRepo.Data.csproj", "{8F254B2C-4578-4869-8ED8-0890C051C082}"
EndProject
Global
	GlobalSection(SolutionConfigurationPlatforms) = preSolution
		Debug|Any CPU = Debug|Any CPU
		Release|Any CPU = Release|Any CPU
	EndGlobalSection
	GlobalSection(ProjectConfigurationPlatforms) = postSolution
		{BCC998F3-0C21-4DDC-87D6-75CB0ACE8A29}.Debug|Any CPU.ActiveCfg = Debug|Any CPU
		{BCC998F3-0C21-4DDC-87D6-75CB0ACE8A29}.Debug|Any CPU.Build.0 = Debug|Any CPU
		{BCC998F3-0C21-4DDC-87D6-75CB0ACE8A29}.Release|Any CPU.ActiveCfg = Release|Any CPU
		{BCC998F3-0C21-4DDC-87D6-75CB0ACE8A29}.Release|Any CPU.Build.0 = Release|Any CPU
		{8F254B2C-4578-4869-8ED8-0890C051C082}.Debug|Any CPU.ActiveCfg = Debug|Any CPU
		{8F254B2C-4578-4869-8ED8-0890C051C082}.Debug|Any CPU.Build.0 = Debug|Any CPU
		{8F254B2C-4578-4869-8ED8-0890C051C082}.Release|Any CPU.ActiveCfg = Release|Any CPU
		{8F254B2C-4578-4869-8ED8-0890C051C082}.Release|Any CPU.Build.0 = Release|Any CPU
	EndGlobalSection
	GlobalSection(SolutionProperties) = preSolution
		HideSolutionNode = FALSE
	EndGlobalSection
	GlobalSection(ExtensibilityGlobals) = postSolution
		SolutionGuid = {A0534846-69A8-415F-A321-F5C66A29E5E1}
	EndGlobalSection
EndGlobal
